affine==3.0.1
annotated-doc==0.0.5
annotated-types==0.8.0
anyio==4.15.1
argon2-cffi==25.1.0
argon2-cffi-bindings==26.1.0
attrs==26.1.0
certifi==2026.7.22
cffi==2.1.1
cftime==1.6.5
click==8.5.0
click-plugins==1.1.1.2
cligj==0.7.2
cloudpickle==3.1.2
fastapi==0.141.1
fiona==1.10.1
flexcache==0.3
flexparser==0.4
h11==0.16.0
httpcore==1.0.9
httpx==0.28.1
idna==3.20
iniconfig==2.3.0
jsonschema==4.26.0
jsonschema-specifications==2025.9.1
netCDF4==1.7.4
numpy==2.5.3
packaging==26.3
Pint==0.26.1
platformdirs==4.11.11
pluggy==1.6.0
psycopg==3.3.6
psycopg-binary==3.3.6
pycparser==3.0
pydantic==2.13.5
pydantic_core==2.46.5
Pygments==2.21.0
pyparsing==3.3.2
pyproj==3.8.0
pytest==9.1.1
python-multipart==0.0.32
PyYAML==6.0.3
rasterio==1.5.1
referencing==0.37.0
rpds-py==2026.6.3
ruff==0.16.8
scipy==1.18.1
shapely==2.1.2
SQLAlchemy==2.0.54
starlette==1.6.0
typing-inspection==0.4.4
typing_extensions==4.16.0
uvicorn==0.53.0
alembic==1.16.5
Mako==1.4.3
MarkupSafe==3.0.3
jenkspy==0.4.1
